// !$*UTF8*$!
{
	archiveVersion = 1;
	classes = {
	};
	objectVersion = 56;
	objects = {

/* Begin PBXBuildFile section */
		190D0E2E2BD189FB00AA6D7E /* ToDoItem+CoreDataClass.swift in Sources */ = {isa = PBXBuildFile; fileRef = 190D0E2C2BD189FB00AA6D7E /* ToDoItem+CoreDataClass.swift */; };
		190D0E2F2BD189FB00AA6D7E /* ToDoItem+CoreDataProperties.swift in Sources */ = {isa = PBXBuildFile; fileRef = 190D0E2D2BD189FB00AA6D7E /* ToDoItem+CoreDataProperties.swift */; };
		192C7D212B85A2FB00DBA8FB /* AppDelegate.swift in Sources */ = {isa = PBXBuildFile; fileRef = 192C7D202B85A2FB00DBA8FB /* AppDelegate.swift */; };
		192C7D232B85A2FB00DBA8FB /* SceneDelegate.swift in Sources */ = {isa = PBXBuildFile; fileRef = 192C7D222B85A2FB00DBA8FB /* SceneDelegate.swift */; };
		192C7D282B85A2FB00DBA8FB /* Main.storyboard in Resources */ = {isa = PBXBuildFile; fileRef = 192C7D262B85A2FB00DBA8FB /* Main.storyboard */; };
		192C7D2A2B85A30000DBA8FB /* Assets.xcassets in Resources */ = {isa = PBXBuildFile; fileRef = 192C7D292B85A30000DBA8FB /* Assets.xcassets */; };
		192C7D2D2B85A30000DBA8FB /* LaunchScreen.storyboard in Resources */ = {isa = PBXBuildFile; fileRef = 192C7D2B2B85A30000DBA8FB /* LaunchScreen.storyboard */; };
		1943D4412BD6FDCE00122849 /* ScheduleViewController.swift in Sources */ = {isa = PBXBuildFile; fileRef = 1943D4402BD6FDCD00122849 /* ScheduleViewController.swift */; };
		19683B112BBCFAC400457BFA /* ToDoCell.swift in Sources */ = {isa = PBXBuildFile; fileRef = 19683B102BBCFAC400457BFA /* ToDoCell.swift */; };
		199782232B85B5BC00BCA16F /* SettingsViewController.swift in Sources */ = {isa = PBXBuildFile; fileRef = 199782222B85B5BC00BCA16F /* SettingsViewController.swift */; };
		199782252B85B5CC00BCA16F /* InboxViewController.swift in Sources */ = {isa = PBXBuildFile; fileRef = 199782242B85B5CC00BCA16F /* InboxViewController.swift */; };
		19B521102BDC2531007727F5 /* TaskBlockTests.swift in Sources */ = {isa = PBXBuildFile; fileRef = 19B5210F2BDC2531007727F5 /* TaskBlockTests.swift */; };
		19B521192BDC2A36007727F5 /* BlockItem+CoreDataClass.swift in Sources */ = {isa = PBXBuildFile; fileRef = 19B521172BDC2A36007727F5 /* BlockItem+CoreDataClass.swift */; };
		19B5211A2BDC2A36007727F5 /* BlockItem+CoreDataProperties.swift in Sources */ = {isa = PBXBuildFile; fileRef = 19B521182BDC2A36007727F5 /* BlockItem+CoreDataProperties.swift */; };
		19DA03162B8EE1E900303FE2 /* DetailViewController.swift in Sources */ = {isa = PBXBuildFile; fileRef = 19DA03152B8EE1E900303FE2 /* DetailViewController.swift */; };
		19DD8C232B8621D700239601 /* ToDoModel.swift in Sources */ = {isa = PBXBuildFile; fileRef = 19DD8C222B8621D700239601 /* ToDoModel.swift */; };
		19E0DF3D2BDA8B390094575E /* Day.swift in Sources */ = {isa = PBXBuildFile; fileRef = 19E0DF3C2BDA8B390094575E /* Day.swift */; };
		19E478C52BD20E6300557640 /* CategoriesTableViewController.swift in Sources */ = {isa = PBXBuildFile; fileRef = 19E478C42BD20E6300557640 /* CategoriesTableViewController.swift */; };
		19ED78572B9AC32700BDA1A7 /* ToDoModel.xcdatamodeld in Sources */ = {isa = PBXBuildFile; fileRef = 19ED78552B9AC32700BDA1A7 /* ToDoModel.xcdatamodeld */; };
/* End PBXBuildFile section */

/* Begin PBXContainerItemProxy section */
		19B521112BDC2531007727F5 /* PBXContainerItemProxy */ = {
			isa = PBXContainerItemProxy;
			containerPortal = 192C7D152B85A2FB00DBA8FB /* Project object */;
			proxyType = 1;
			remoteGlobalIDString = 192C7D1C2B85A2FB00DBA8FB;
			remoteInfo = TaskBlock;
		};
/* End PBXContainerItemProxy section */

/* Begin PBXFileReference section */
		190D0E2C2BD189FB00AA6D7E /* ToDoItem+CoreDataClass.swift */ = {isa = PBXFileReference; lastKnownFileType = sourcecode.swift; path = "ToDoItem+CoreDataClass.swift"; sourceTree = "<group>"; };
		190D0E2D2BD189FB00AA6D7E /* ToDoItem+CoreDataProperties.swift */ = {isa = PBXFileReference; lastKnownFileType = sourcecode.swift; path = "ToDoItem+CoreDataProperties.swift"; sourceTree = "<group>"; };
		192C7D1D2B85A2FB00DBA8FB /* TaskBlock.app */ = {isa = PBXFileReference; explicitFileType = wrapper.application; includeInIndex = 0; path = TaskBlock.app; sourceTree = BUILT_PRODUCTS_DIR; };
		192C7D202B85A2FB00DBA8FB /* AppDelegate.swift */ = {isa = PBXFileReference; lastKnownFileType = sourcecode.swift; path = AppDelegate.swift; sourceTree = "<group>"; };
		192C7D222B85A2FB00DBA8FB /* SceneDelegate.swift */ = {isa = PBXFileReference; lastKnownFileType = sourcecode.swift; path = SceneDelegate.swift; sourceTree = "<group>"; };
		192C7D272B85A2FB00DBA8FB /* Base */ = {isa = PBXFileReference; lastKnownFileType = file.storyboard; name = Base; path = Base.lproj/Main.storyboard; sourceTree = "<group>"; };
		192C7D292B85A30000DBA8FB /* Assets.xcassets */ = {isa = PBXFileReference; lastKnownFileType = folder.assetcatalog; path = Assets.xcassets; sourceTree = "<group>"; };
		192C7D2C2B85A30000DBA8FB /* Base */ = {isa = PBXFileReference; lastKnownFileType = file.storyboard; name = Base; path = Base.lproj/LaunchScreen.storyboard; sourceTree = "<group>"; };
		192C7D2E2B85A30000DBA8FB /* Info.plist */ = {isa = PBXFileReference; lastKnownFileType = text.plist.xml; path = Info.plist; sourceTree = "<group>"; };
		1943D4402BD6FDCD00122849 /* ScheduleViewController.swift */ = {isa = PBXFileReference; lastKnownFileType = sourcecode.swift; path = ScheduleViewController.swift; sourceTree = "<group>"; };
		19683B102BBCFAC400457BFA /* ToDoCell.swift */ = {isa = PBXFileReference; lastKnownFileType = sourcecode.swift; path = ToDoCell.swift; sourceTree = "<group>"; };
		199782222B85B5BC00BCA16F /* SettingsViewController.swift */ = {isa = PBXFileReference; lastKnownFileType = sourcecode.swift; path = SettingsViewController.swift; sourceTree = "<group>"; };
		199782242B85B5CC00BCA16F /* InboxViewController.swift */ = {isa = PBXFileReference; lastKnownFileType = sourcecode.swift; path = InboxViewController.swift; sourceTree = "<group>"; };
		19B5210D2BDC2530007727F5 /* TaskBlockTests.xctest */ = {isa = PBXFileReference; explicitFileType = wrapper.cfbundle; includeInIndex = 0; path = TaskBlockTests.xctest; sourceTree = BUILT_PRODUCTS_DIR; };
		19B5210F2BDC2531007727F5 /* TaskBlockTests.swift */ = {isa = PBXFileReference; lastKnownFileType = sourcecode.swift; path = TaskBlockTests.swift; sourceTree = "<group>"; };
		19B521172BDC2A36007727F5 /* BlockItem+CoreDataClass.swift */ = {isa = PBXFileReference; lastKnownFileType = sourcecode.swift; path = "BlockItem+CoreDataClass.swift"; sourceTree = "<group>"; };
		19B521182BDC2A36007727F5 /* BlockItem+CoreDataProperties.swift */ = {isa = PBXFileReference; lastKnownFileType = sourcecode.swift; path = "BlockItem+CoreDataProperties.swift"; sourceTree = "<group>"; };
		19DA03152B8EE1E900303FE2 /* DetailViewController.swift */ = {isa = PBXFileReference; lastKnownFileType = sourcecode.swift; path = DetailViewController.swift; sourceTree = "<group>"; };
		19DD8C222B8621D700239601 /* ToDoModel.swift */ = {isa = PBXFileReference; lastKnownFileType = sourcecode.swift; path = ToDoModel.swift; sourceTree = "<group>"; };
		19E0DF3C2BDA8B390094575E /* Day.swift */ = {isa = PBXFileReference; lastKnownFileType = sourcecode.swift; path = Day.swift; sourceTree = "<group>"; };
		19E478C42BD20E6300557640 /* CategoriesTableViewController.swift */ = {isa = PBXFileReference; lastKnownFileType = sourcecode.swift; path = CategoriesTableViewController.swift; sourceTree = "<group>"; };
		19ED78562B9AC32700BDA1A7 /* ToDoModel.xcdatamodel */ = {isa = PBXFileReference; lastKnownFileType = wrapper.xcdatamodel; path = ToDoModel.xcdatamodel; sourceTree = "<group>"; };
/* End PBXFileReference section */

/* Begin PBXFrameworksBuildPhase section */
		192C7D1A2B85A2FB00DBA8FB /* Frameworks */ = {
			isa = PBXFrameworksBuildPhase;
			buildActionMask = 2147483647;
			files = (
			);
			runOnlyForDeploymentPostprocessing = 0;
		};
		19B5210A2BDC2530007727F5 /* Frameworks */ = {
			isa = PBXFrameworksBuildPhase;
			buildActionMask = 2147483647;
			files = (
			);
			runOnlyForDeploymentPostprocessing = 0;
		};
/* End PBXFrameworksBuildPhase section */

/* Begin PBXGroup section */
		190D0E302BD18A0A00AA6D7E /* ToDoItem */ = {
			isa = PBXGroup;
			children = (
				190D0E2C2BD189FB00AA6D7E /* ToDoItem+CoreDataClass.swift */,
				190D0E2D2BD189FB00AA6D7E /* ToDoItem+CoreDataProperties.swift */,
			);
			path = ToDoItem;
			sourceTree = "<group>";
		};
		192C7D142B85A2FB00DBA8FB = {
			isa = PBXGroup;
			children = (
				192C7D1F2B85A2FB00DBA8FB /* TaskBlock */,
				19B5210E2BDC2531007727F5 /* TaskBlockTests */,
				192C7D1E2B85A2FB00DBA8FB /* Products */,
			);
			sourceTree = "<group>";
		};
		192C7D1E2B85A2FB00DBA8FB /* Products */ = {
			isa = PBXGroup;
			children = (
				192C7D1D2B85A2FB00DBA8FB /* TaskBlock.app */,
				19B5210D2BDC2530007727F5 /* TaskBlockTests.xctest */,
			);
			name = Products;
			sourceTree = "<group>";
		};
		192C7D1F2B85A2FB00DBA8FB /* TaskBlock */ = {
			isa = PBXGroup;
			children = (
				19E0DF3E2BDA8C600094575E /* Helpers */,
				19E478C32BD20E0900557640 /* Models */,
				19E478C22BD20DE400557640 /* ViewControllers */,
				190D0E302BD18A0A00AA6D7E /* ToDoItem */,
				19B521162BDC29B4007727F5 /* BlockItem */,
				19ED78552B9AC32700BDA1A7 /* ToDoModel.xcdatamodeld */,
				192C7D202B85A2FB00DBA8FB /* AppDelegate.swift */,
				192C7D222B85A2FB00DBA8FB /* SceneDelegate.swift */,
				192C7D262B85A2FB00DBA8FB /* Main.storyboard */,
				192C7D292B85A30000DBA8FB /* Assets.xcassets */,
				192C7D2B2B85A30000DBA8FB /* LaunchScreen.storyboard */,
				192C7D2E2B85A30000DBA8FB /* Info.plist */,
			);
			path = TaskBlock;
			sourceTree = "<group>";
		};
		19B5210E2BDC2531007727F5 /* TaskBlockTests */ = {
			isa = PBXGroup;
			children = (
				19B5210F2BDC2531007727F5 /* TaskBlockTests.swift */,
			);
			path = TaskBlockTests;
			sourceTree = "<group>";
		};
		19B521162BDC29B4007727F5 /* BlockItem */ = {
			isa = PBXGroup;
			children = (
				19B521172BDC2A36007727F5 /* BlockItem+CoreDataClass.swift */,
				19B521182BDC2A36007727F5 /* BlockItem+CoreDataProperties.swift */,
			);
			path = BlockItem;
			sourceTree = "<group>";
		};
		19E0DF3E2BDA8C600094575E /* Helpers */ = {
			isa = PBXGroup;
			children = (
			);
			path = Helpers;
			sourceTree = "<group>";
		};
		19E478C22BD20DE400557640 /* ViewControllers */ = {
			isa = PBXGroup;
			children = (
				1943D4402BD6FDCD00122849 /* ScheduleViewController.swift */,
				199782222B85B5BC00BCA16F /* SettingsViewController.swift */,
				199782242B85B5CC00BCA16F /* InboxViewController.swift */,
				19683B102BBCFAC400457BFA /* ToDoCell.swift */,
				19DA03152B8EE1E900303FE2 /* DetailViewController.swift */,
				19E478C42BD20E6300557640 /* CategoriesTableViewController.swift */,
			);
			path = ViewControllers;
			sourceTree = "<group>";
		};
		19E478C32BD20E0900557640 /* Models */ = {
			isa = PBXGroup;
			children = (
				19DD8C222B8621D700239601 /* ToDoModel.swift */,
				19E0DF3C2BDA8B390094575E /* Day.swift */,
			);
			path = Models;
			sourceTree = "<group>";
		};
/* End PBXGroup section */

/* Begin PBXNativeTarget section */
		192C7D1C2B85A2FB00DBA8FB /* TaskBlock */ = {
			isa = PBXNativeTarget;
			buildConfigurationList = 192C7D312B85A30000DBA8FB /* Build configuration list for PBXNativeTarget "TaskBlock" */;
			buildPhases = (
				192C7D192B85A2FB00DBA8FB /* Sources */,
				192C7D1A2B85A2FB00DBA8FB /* Frameworks */,
				192C7D1B2B85A2FB00DBA8FB /* Resources */,
			);
			buildRules = (
			);
			dependencies = (
			);
			name = TaskBlock;
			productName = TabBarPickersDemoCamdenW;
			productReference = 192C7D1D2B85A2FB00DBA8FB /* TaskBlock.app */;
			productType = "com.apple.product-type.application";
		};
		19B5210C2BDC2530007727F5 /* TaskBlockTests */ = {
			isa = PBXNativeTarget;
			buildConfigurationList = 19B521132BDC2531007727F5 /* Build configuration list for PBXNativeTarget "TaskBlockTests" */;
			buildPhases = (
				19B521092BDC2530007727F5 /* Sources */,
				19B5210A2BDC2530007727F5 /* Frameworks */,
				19B5210B2BDC2530007727F5 /* Resources */,
			);
			buildRules = (
			);
			dependencies = (
				19B521122BDC2531007727F5 /* PBXTargetDependency */,
			);
			name = TaskBlockTests;
			productName = TaskBlockTests;
			productReference = 19B5210D2BDC2530007727F5 /* TaskBlockTests.xctest */;
			productType = "com.apple.product-type.bundle.unit-test";
		};
/* End PBXNativeTarget section */

/* Begin PBXProject section */
		192C7D152B85A2FB00DBA8FB /* Project object */ = {
			isa = PBXProject;
			attributes = {
				BuildIndependentTargetsInParallel = 1;
				LastSwiftUpdateCheck = 1530;
				LastUpgradeCheck = 1510;
				TargetAttributes = {
					192C7D1C2B85A2FB00DBA8FB = {
						CreatedOnToolsVersion = 15.1;
					};
					19B5210C2BDC2530007727F5 = {
						CreatedOnToolsVersion = 15.3;
						TestTargetID = 192C7D1C2B85A2FB00DBA8FB;
					};
				};
			};
			buildConfigurationList = 192C7D182B85A2FB00DBA8FB /* Build configuration list for PBXProject "TaskBlock" */;
			compatibilityVersion = "Xcode 14.0";
			developmentRegion = en;
			hasScannedForEncodings = 0;
			knownRegions = (
				en,
				Base,
			);
			mainGroup = 192C7D142B85A2FB00DBA8FB;
			productRefGroup = 192C7D1E2B85A2FB00DBA8FB /* Products */;
			projectDirPath = "";
			projectRoot = "";
			targets = (
				192C7D1C2B85A2FB00DBA8FB /* TaskBlock */,
				19B5210C2BDC2530007727F5 /* TaskBlockTests */,
			);
		};
/* End PBXProject section */

/* Begin PBXResourcesBuildPhase section */
		192C7D1B2B85A2FB00DBA8FB /* Resources */ = {
			isa = PBXResourcesBuildPhase;
			buildActionMask = 2147483647;
			files = (
				192C7D2D2B85A30000DBA8FB /* LaunchScreen.storyboard in Resources */,
				192C7D2A2B85A30000DBA8FB /* Assets.xcassets in Resources */,
				192C7D282B85A2FB00DBA8FB /* Main.storyboard in Resources */,
			);
			runOnlyForDeploymentPostprocessing = 0;
		};
		19B5210B2BDC2530007727F5 /* Resources */ = {
			isa = PBXResourcesBuildPhase;
			buildActionMask = 2147483647;
			files = (
			);
			runOnlyForDeploymentPostprocessing = 0;
		};
/* End PBXResourcesBuildPhase section */

/* Begin PBXSourcesBuildPhase section */
		192C7D192B85A2FB00DBA8FB /* Sources */ = {
			isa = PBXSourcesBuildPhase;
			buildActionMask = 2147483647;
			files = (
				19E0DF3D2BDA8B390094575E /* Day.swift in Sources */,
				1943D4412BD6FDCE00122849 /* ScheduleViewController.swift in Sources */,
				192C7D212B85A2FB00DBA8FB /* AppDelegate.swift in Sources */,
				19B521192BDC2A36007727F5 /* BlockItem+CoreDataClass.swift in Sources */,
				19B5211A2BDC2A36007727F5 /* BlockItem+CoreDataProperties.swift in Sources */,
				199782232B85B5BC00BCA16F /* SettingsViewController.swift in Sources */,
				19E478C52BD20E6300557640 /* CategoriesTableViewController.swift in Sources */,
				19DA03162B8EE1E900303FE2 /* DetailViewController.swift in Sources */,
				192C7D232B85A2FB00DBA8FB /* SceneDelegate.swift in Sources */,
				19ED78572B9AC32700BDA1A7 /* ToDoModel.xcdatamodeld in Sources */,
				199782252B85B5CC00BCA16F /* InboxViewController.swift in Sources */,
				19683B112BBCFAC400457BFA /* ToDoCell.swift in Sources */,
				190D0E2E2BD189FB00AA6D7E /* ToDoItem+CoreDataClass.swift in Sources */,
				190D0E2F2BD189FB00AA6D7E /* ToDoItem+CoreDataProperties.swift in Sources */,
				19DD8C232B8621D700239601 /* ToDoModel.swift in Sources */,
			);
			runOnlyForDeploymentPostprocessing = 0;
		};
		19B521092BDC2530007727F5 /* Sources */ = {
			isa = PBXSourcesBuildPhase;
			buildActionMask = 2147483647;
			files = (
				19B521102BDC2531007727F5 /* TaskBlockTests.swift in Sources */,
			);
			runOnlyForDeploymentPostprocessing = 0;
		};
/* End PBXSourcesBuildPhase section */

/* Begin PBXTargetDependency section */
		19B521122BDC2531007727F5 /* PBXTargetDependency */ = {
			isa = PBXTargetDependency;
			target = 192C7D1C2B85A2FB00DBA8FB /* TaskBlock */;
			targetProxy = 19B521112BDC2531007727F5 /* PBXContainerItemProxy */;
		};
/* End PBXTargetDependency section */

/* Begin PBXVariantGroup section */
		192C7D262B85A2FB00DBA8FB /* Main.storyboard */ = {
			isa = PBXVariantGroup;
			children = (
				192C7D272B85A2FB00DBA8FB /* Base */,
			);
			name = Main.storyboard;
			sourceTree = "<group>";
		};
		192C7D2B2B85A30000DBA8FB /* LaunchScreen.storyboard */ = {
			isa = PBXVariantGroup;
			children = (
				192C7D2C2B85A30000DBA8FB /* Base */,
			);
			name = LaunchScreen.storyboard;
			sourceTree = "<group>";
		};
/* End PBXVariantGroup section */

/* Begin XCBuildConfiguration section */
		192C7D2F2B85A30000DBA8FB /* Debug */ = {
			isa = XCBuildConfiguration;
			buildSettings = {
				ALWAYS_SEARCH_USER_PATHS = NO;
				ASSETCATALOG_COMPILER_GENERATE_SWIFT_ASSET_SYMBOL_EXTENSIONS = YES;
				CLANG_ANALYZER_NONNULL = YES;
				CLANG_ANALYZER_NUMBER_OBJECT_CONVERSION = YES_AGGRESSIVE;
				CLANG_CXX_LANGUAGE_STANDARD = "gnu++20";
				CLANG_ENABLE_MODULES = YES;
				CLANG_ENABLE_OBJC_ARC = YES;
				CLANG_ENABLE_OBJC_WEAK = YES;
				CLANG_WARN_BLOCK_CAPTURE_AUTORELEASING = YES;
				CLANG_WARN_BOOL_CONVERSION = YES;
				CLANG_WARN_COMMA = YES;
				CLANG_WARN_CONSTANT_CONVERSION = YES;
				CLANG_WARN_DEPRECATED_OBJC_IMPLEMENTATIONS = YES;
				CLANG_WARN_DIRECT_OBJC_ISA_USAGE = YES_ERROR;
				CLANG_WARN_DOCUMENTATION_COMMENTS = YES;
				CLANG_WARN_EMPTY_BODY = YES;
				CLANG_WARN_ENUM_CONVERSION = YES;
				CLANG_WARN_INFINITE_RECURSION = YES;
				CLANG_WARN_INT_CONVERSION = YES;
				CLANG_WARN_NON_LITERAL_NULL_CONVERSION = YES;
				CLANG_WARN_OBJC_IMPLICIT_RETAIN_SELF = YES;
				CLANG_WARN_OBJC_LITERAL_CONVERSION = YES;
				CLANG_WARN_OBJC_ROOT_CLASS = YES_ERROR;
				CLANG_WARN_QUOTED_INCLUDE_IN_FRAMEWORK_HEADER = YES;
				CLANG_WARN_RANGE_LOOP_ANALYSIS = YES;
				CLANG_WARN_STRICT_PROTOTYPES = YES;
				CLANG_WARN_SUSPICIOUS_MOVE = YES;
				CLANG_WARN_UNGUARDED_AVAILABILITY = YES_AGGRESSIVE;
				CLANG_WARN_UNREACHABLE_CODE = YES;
				CLANG_WARN__DUPLICATE_METHOD_MATCH = YES;
				COPY_PHASE_STRIP = NO;
				DEBUG_INFORMATION_FORMAT = dwarf;
				ENABLE_STRICT_OBJC_MSGSEND = YES;
				ENABLE_TESTABILITY = YES;
				ENABLE_USER_SCRIPT_SANDBOXING = YES;
				GCC_C_LANGUAGE_STANDARD = gnu17;
				GCC_DYNAMIC_NO_PIC = NO;
				GCC_NO_COMMON_BLOCKS = YES;
				GCC_OPTIMIZATION_LEVEL = 0;
				GCC_PREPROCESSOR_DEFINITIONS = (
					"DEBUG=1",
					"$(inherited)",
				);
				GCC_WARN_64_TO_32_BIT_CONVERSION = YES;
				GCC_WARN_ABOUT_RETURN_TYPE = YES_ERROR;
				GCC_WARN_UNDECLARED_SELECTOR = YES;
				GCC_WARN_UNINITIALIZED_AUTOS = YES_AGGRESSIVE;
				GCC_WARN_UNUSED_FUNCTION = YES;
				GCC_WARN_UNUSED_VARIABLE = YES;
				IPHONEOS_DEPLOYMENT_TARGET = 17.2;
				LOCALIZATION_PREFERS_STRING_CATALOGS = YES;
				MTL_ENABLE_DEBUG_INFO = INCLUDE_SOURCE;
				MTL_FAST_MATH = YES;
				ONLY_ACTIVE_ARCH = YES;
				SDKROOT = iphoneos;
				SWIFT_ACTIVE_COMPILATION_CONDITIONS = "DEBUG $(inherited)";
				SWIFT_OPTIMIZATION_LEVEL = "-Onone";
			};
			name = Debug;
		};
		192C7D302B85A30000DBA8FB /* Release */ = {
			isa = XCBuildConfiguration;
			buildSettings = {
				ALWAYS_SEARCH_USER_PATHS = NO;
				ASSETCATALOG_COMPILER_GENERATE_SWIFT_ASSET_SYMBOL_EXTENSIONS = YES;
				CLANG_ANALYZER_NONNULL = YES;
				CLANG_ANALYZER_NUMBER_OBJECT_CONVERSION = YES_AGGRESSIVE;
				CLANG_CXX_LANGUAGE_STANDARD = "gnu++20";
				CLANG_ENABLE_MODULES = YES;
				CLANG_ENABLE_OBJC_ARC = YES;
				CLANG_ENABLE_OBJC_WEAK = YES;
				CLANG_WARN_BLOCK_CAPTURE_AUTORELEASING = YES;
				CLANG_WARN_BOOL_CONVERSION = YES;
				CLANG_WARN_COMMA = YES;
				CLANG_WARN_CONSTANT_CONVERSION = YES;
				CLANG_WARN_DEPRECATED_OBJC_IMPLEMENTATIONS = YES;
				CLANG_WARN_DIRECT_OBJC_ISA_USAGE = YES_ERROR;
				CLANG_WARN_DOCUMENTATION_COMMENTS = YES;
				CLANG_WARN_EMPTY_BODY = YES;
				CLANG_WARN_ENUM_CONVERSION = YES;
				CLANG_WARN_INFINITE_RECURSION = YES;
				CLANG_WARN_INT_CONVERSION = YES;
				CLANG_WARN_NON_LITERAL_NULL_CONVERSION = YES;
				CLANG_WARN_OBJC_IMPLICIT_RETAIN_SELF = YES;
				CLANG_WARN_OBJC_LITERAL_CONVERSION = YES;
				CLANG_WARN_OBJC_ROOT_CLASS = YES_ERROR;
				CLANG_WARN_QUOTED_INCLUDE_IN_FRAMEWORK_HEADER = YES;
				CLANG_WARN_RANGE_LOOP_ANALYSIS = YES;
				CLANG_WARN_STRICT_PROTOTYPES = YES;
				CLANG_WARN_SUSPICIOUS_MOVE = YES;
				CLANG_WARN_UNGUARDED_AVAILABILITY = YES_AGGRESSIVE;
				CLANG_WARN_UNREACHABLE_CODE = YES;
				CLANG_WARN__DUPLICATE_METHOD_MATCH = YES;
				COPY_PHASE_STRIP = NO;
				DEBUG_INFORMATION_FORMAT = "dwarf-with-dsym";
				ENABLE_NS_ASSERTIONS = NO;
				ENABLE_STRICT_OBJC_MSGSEND = YES;
				ENABLE_USER_SCRIPT_SANDBOXING = YES;
				GCC_C_LANGUAGE_STANDARD = gnu17;
				GCC_NO_COMMON_BLOCKS = YES;
				GCC_WARN_64_TO_32_BIT_CONVERSION = YES;
				GCC_WARN_ABOUT_RETURN_TYPE = YES_ERROR;
				GCC_WARN_UNDECLARED_SELECTOR = YES;
				GCC_WARN_UNINITIALIZED_AUTOS = YES_AGGRESSIVE;
				GCC_WARN_UNUSED_FUNCTION = YES;
				GCC_WARN_UNUSED_VARIABLE = YES;
				IPHONEOS_DEPLOYMENT_TARGET = 17.2;
				LOCALIZATION_PREFERS_STRING_CATALOGS = YES;
				MTL_ENABLE_DEBUG_INFO = NO;
				MTL_FAST_MATH = YES;
				SDKROOT = iphoneos;
				SWIFT_COMPILATION_MODE = wholemodule;
				VALIDATE_PRODUCT = YES;
			};
			name = Release;
		};
		192C7D322B85A30000DBA8FB /* Debug */ = {
			isa = XCBuildConfiguration;
			buildSettings = {
				ASSETCATALOG_COMPILER_APPICON_NAME = AppIcon;
				ASSETCATALOG_COMPILER_GLOBAL_ACCENT_COLOR_NAME = AccentColor;
				CODE_SIGN_STYLE = Automatic;
				CURRENT_PROJECT_VERSION = 1;
				DEVELOPMENT_TEAM = V7HLP74XY3;
				GENERATE_INFOPLIST_FILE = YES;
				INFOPLIST_FILE = TaskBlock/Info.plist;
				INFOPLIST_KEY_UIApplicationSupportsIndirectInputEvents = YES;
				INFOPLIST_KEY_UILaunchStoryboardName = LaunchScreen;
				INFOPLIST_KEY_UIMainStoryboardFile = Main;
				INFOPLIST_KEY_UISupportedInterfaceOrientations = UIInterfaceOrientationPortrait;
				INFOPLIST_KEY_UISupportedInterfaceOrientations_iPad = "UIInterfaceOrientationLandscapeLeft UIInterfaceOrientationLandscapeRight UIInterfaceOrientationPortrait UIInterfaceOrientationPortraitUpsideDown";
				LD_RUNPATH_SEARCH_PATHS = (
					"$(inherited)",
					"@executable_path/Frameworks",
				);
				MARKETING_VERSION = 1.0;
				PRODUCT_BUNDLE_IDENTIFIER = com.csideproductions.TabBarPickersDemoCamdenW;
				PRODUCT_NAME = "$(TARGET_NAME)";
				SWIFT_EMIT_LOC_STRINGS = YES;
				SWIFT_VERSION = 5.0;
				TARGETED_DEVICE_FAMILY = "1,2";
			};
			name = Debug;
		};
		192C7D332B85A30000DBA8FB /* Release */ = {
			isa = XCBuildConfiguration;
			buildSettings = {
				ASSETCATALOG_COMPILER_APPICON_NAME = AppIcon;
				ASSETCATALOG_COMPILER_GLOBAL_ACCENT_COLOR_NAME = AccentColor;
				CODE_SIGN_STYLE = Automatic;
				CURRENT_PROJECT_VERSION = 1;
				DEVELOPMENT_TEAM = V7HLP74XY3;
				GENERATE_INFOPLIST_FILE = YES;
				INFOPLIST_FILE = TaskBlock/Info.plist;
				INFOPLIST_KEY_UIApplicationSupportsIndirectInputEvents = YES;
				INFOPLIST_KEY_UILaunchStoryboardName = LaunchScreen;
				INFOPLIST_KEY_UIMainStoryboardFile = Main;
				INFOPLIST_KEY_UISupportedInterfaceOrientations = UIInterfaceOrientationPortrait;
				INFOPLIST_KEY_UISupportedInterfaceOrientations_iPad = "UIInterfaceOrientationLandscapeLeft UIInterfaceOrientationLandscapeRight UIInterfaceOrientationPortrait UIInterfaceOrientationPortraitUpsideDown";
				LD_RUNPATH_SEARCH_PATHS = (
					"$(inherited)",
					"@executable_path/Frameworks",
				);
				MARKETING_VERSION = 1.0;
				PRODUCT_BUNDLE_IDENTIFIER = com.csideproductions.TabBarPickersDemoCamdenW;
				PRODUCT_NAME = "$(TARGET_NAME)";
				SWIFT_EMIT_LOC_STRINGS = YES;
				SWIFT_VERSION = 5.0;
				TARGETED_DEVICE_FAMILY = "1,2";
			};
			name = Release;
		};
		19B521142BDC2531007727F5 /* Debug */ = {
			isa = XCBuildConfiguration;
			buildSettings = {
				BUNDLE_LOADER = "$(TEST_HOST)";
				CODE_SIGN_STYLE = Automatic;
				CURRENT_PROJECT_VERSION = 1;
				DEVELOPMENT_TEAM = V7HLP74XY3;
				GENERATE_INFOPLIST_FILE = YES;
				IPHONEOS_DEPLOYMENT_TARGET = 17.4;
				MACOSX_DEPLOYMENT_TARGET = 14.4;
				MARKETING_VERSION = 1.0;
				PRODUCT_BUNDLE_IDENTIFIER = com.csideproductions.TaskBlockTests;
				PRODUCT_NAME = "$(TARGET_NAME)";
				SDKROOT = auto;
				SUPPORTED_PLATFORMS = "iphoneos iphonesimulator macosx";
				SWIFT_EMIT_LOC_STRINGS = NO;
				SWIFT_VERSION = 5.0;
				TARGETED_DEVICE_FAMILY = "1,2";
				TEST_HOST = "$(BUILT_PRODUCTS_DIR)/TaskBlock.app/$(BUNDLE_EXECUTABLE_FOLDER_PATH)/TaskBlock";
			};
			name = Debug;
		};
		19B521152BDC2531007727F5 /* Release */ = {
			isa = XCBuildConfiguration;
			buildSettings = {
				BUNDLE_LOADER = "$(TEST_HOST)";
				CODE_SIGN_STYLE = Automatic;
				CURRENT_PROJECT_VERSION = 1;
				DEVELOPMENT_TEAM = V7HLP74XY3;
				GENERATE_INFOPLIST_FILE = YES;
				IPHONEOS_DEPLOYMENT_TARGET = 17.4;
				MACOSX_DEPLOYMENT_TARGET = 14.4;
				MARKETING_VERSION = 1.0;
				PRODUCT_BUNDLE_IDENTIFIER = com.csideproductions.TaskBlockTests;
				PRODUCT_NAME = "$(TARGET_NAME)";
				SDKROOT = auto;
				SUPPORTED_PLATFORMS = "iphoneos iphonesimulator macosx";
				SWIFT_EMIT_LOC_STRINGS = NO;
				SWIFT_VERSION = 5.0;
				TARGETED_DEVICE_FAMILY = "1,2";
				TEST_HOST = "$(BUILT_PRODUCTS_DIR)/TaskBlock.app/$(BUNDLE_EXECUTABLE_FOLDER_PATH)/TaskBlock";
			};
			name = Release;
		};
/* End XCBuildConfiguration section */

/* Begin XCConfigurationList section */
		192C7D182B85A2FB00DBA8FB /* Build configuration list for PBXProject "TaskBlock" */ = {
			isa = XCConfigurationList;
			buildConfigurations = (
				192C7D2F2B85A30000DBA8FB /* Debug */,
				192C7D302B85A30000DBA8FB /* Release */,
			);
			defaultConfigurationIsVisible = 0;
			defaultConfigurationName = Release;
		};
		192C7D312B85A30000DBA8FB /* Build configuration list for PBXNativeTarget "TaskBlock" */ = {
			isa = XCConfigurationList;
			buildConfigurations = (
				192C7D322B85A30000DBA8FB /* Debug */,
				192C7D332B85A30000DBA8FB /* Release */,
			);
			defaultConfigurationIsVisible = 0;
			defaultConfigurationName = Release;
		};
		19B521132BDC2531007727F5 /* Build configuration list for PBXNativeTarget "TaskBlockTests" */ = {
			isa = XCConfigurationList;
			buildConfigurations = (
				19B521142BDC2531007727F5 /* Debug */,
				19B521152BDC2531007727F5 /* Release */,
			);
			defaultConfigurationIsVisible = 0;
			defaultConfigurationName = Release;
		};
/* End XCConfigurationList section */

/* Begin XCVersionGroup section */
		19ED78552B9AC32700BDA1A7 /* ToDoModel.xcdatamodeld */ = {
			isa = XCVersionGroup;
			children = (
				19ED78562B9AC32700BDA1A7 /* ToDoModel.xcdatamodel */,
			);
			currentVersion = 19ED78562B9AC32700BDA1A7 /* ToDoModel.xcdatamodel */;
			path = ToDoModel.xcdatamodeld;
			sourceTree = "<group>";
			versionGroupType = wrapper.xcdatamodel;
		};
/* End XCVersionGroup section */
	};
	rootObject = 192C7D152B85A2FB00DBA8FB /* Project object */;
}
